PODS:
  - Auth0 (2.7.1):
    - JWTDecode (~> 3.1)
    - SimpleKeychain (~> 1.1)
  - auth0_flutter (1.7.1):
    - Auth0 (= 2.7.1)
    - Flutter
    - FlutterMacOS
    - JWTDecode (= 3.1.0)
    - SimpleKeychain (= 1.1.0)
  - camera_avfoundation (0.0.1):
    - Flutter
  - Flutter (1.0.0)
  - image_picker_ios (0.0.1):
    - Flutter
  - JWTDecode (3.1.0)
  - path_provider_foundation (0.0.1):
    - Flutter
    - FlutterMacOS
  - SimpleKeychain (1.1.0)
  - sqflite (0.0.3):
    - Flutter
    - FlutterMacOS

DEPENDENCIES:
  - auth0_flutter (from `.symlinks/plugins/auth0_flutter/darwin`)
  - camera_avfoundation (from `.symlinks/plugins/camera_avfoundation/ios`)
  - Flutter (from `Flutter`)
  - image_picker_ios (from `.symlinks/plugins/image_picker_ios/ios`)
  - path_provider_foundation (from `.symlinks/plugins/path_provider_foundation/darwin`)
  - sqflite (from `.symlinks/plugins/sqflite/darwin`)

SPEC REPOS:
  trunk:
    - Auth0
    - JWTDecode
    - SimpleKeychain

EXTERNAL SOURCES:
  auth0_flutter:
    :path: ".symlinks/plugins/auth0_flutter/darwin"
  camera_avfoundation:
    :path: ".symlinks/plugins/camera_avfoundation/ios"
  Flutter:
    :path: Flutter
  image_picker_ios:
    :path: ".symlinks/plugins/image_picker_ios/ios"
  path_provider_foundation:
    :path: ".symlinks/plugins/path_provider_foundation/darwin"
  sqflite:
    :path: ".symlinks/plugins/sqflite/darwin"

SPEC CHECKSUMS:
  Auth0: 07dd395aa85be95e809f58347f66d97fc8679ac2
  auth0_flutter: 9b2489a97107cf6984e2e69cdc1746c1a9ecda39
  camera_avfoundation: 759172d1a77ae7be0de08fc104cfb79738b8a59e
  Flutter: e0871f40cf51350855a761d2e70bf5af5b9b5de7
  image_picker_ios: b545a5f16c0fa88e3ecbbce3ed4de45567a8ec18
  JWTDecode: 3eaab1e06b6f4dcbdd6716aff09ba4c2104ca8b7
  path_provider_foundation: 3784922295ac71e43754bd15e0653ccfd36a147c
  SimpleKeychain: f8707c8e97b38c6a6e687b17732afc9bcef06439
  sqflite: 673a0e54cc04b7d6dba8d24fb8095b31c3a99eec

PODFILE CHECKSUM: 1959d098c91d8a792531a723c4a9d7e9f6a01e38

COCOAPODS: 1.15.2
